
Microsoft Visual Studio Solution File, Format Version 12.00
# Visual Studio Version 17
VisualStudioVersion = 17.2.32505.173
MinimumVisualStudioVersion = 10.0.40219.1
Project("{888888A0-9F3D-457C-B088-3A5042F75D52}") = "Assembler", "Assembler\Assembler.pyproj", "{B96373E8-8ED4-4E87-BABE-C939D29AECEF}"
EndProject
Project("{8BC9CEB8-8B4A-11D0-8D11-00A0C91BC942}") = "Runtime", "Runtime\Runtime.vcxproj", "{E974DFC7-5CFF-4ADF-84EC-EF006C6E4688}"
EndProject
Project("{FAE04EC0-301F-11D3-BF4B-00C04F79EFBC}") = "IDEAssembler", "IDEAssembler\IDEAssembler.csproj", "{AE0FBF19-918F-4FB5-A9F9-1CE76EA67A5C}"
EndProject
Global
	GlobalSection(SolutionConfigurationPlatforms) = preSolution
		Debug|Any CPU = Debug|Any CPU
		Debug|x64 = Debug|x64
		Debug|x86 = Debug|x86
		Release|Any CPU = Release|Any CPU
		Release|x64 = Release|x64
		Release|x86 = Release|x86
	EndGlobalSection
	GlobalSection(ProjectConfigurationPlatforms) = postSolution
		{B96373E8-8ED4-4E87-BABE-C939D29AECEF}.Debug|Any CPU.ActiveCfg = Debug|Any CPU
		{B96373E8-8ED4-4E87-BABE-C939D29AECEF}.Debug|x64.ActiveCfg = Debug|Any CPU
		{B96373E8-8ED4-4E87-BABE-C939D29AECEF}.Debug|x86.ActiveCfg = Debug|Any CPU
		{B96373E8-8ED4-4E87-BABE-C939D29AECEF}.Release|Any CPU.ActiveCfg = Release|Any CPU
		{B96373E8-8ED4-4E87-BABE-C939D29AECEF}.Release|x64.ActiveCfg = Release|Any CPU
		{B96373E8-8ED4-4E87-BABE-C939D29AECEF}.Release|x86.ActiveCfg = Release|Any CPU
		{E974DFC7-5CFF-4ADF-84EC-EF006C6E4688}.Debug|Any CPU.ActiveCfg = Debug|x64
		{E974DFC7-5CFF-4ADF-84EC-EF006C6E4688}.Debug|Any CPU.Build.0 = Debug|x64
		{E974DFC7-5CFF-4ADF-84EC-EF006C6E4688}.Debug|x64.ActiveCfg = Debug|x64
		{E974DFC7-5CFF-4ADF-84EC-EF006C6E4688}.Debug|x64.Build.0 = Debug|x64
		{E974DFC7-5CFF-4ADF-84EC-EF006C6E4688}.Debug|x86.ActiveCfg = Debug|Win32
		{E974DFC7-5CFF-4ADF-84EC-EF006C6E4688}.Debug|x86.Build.0 = Debug|Win32
		{E974DFC7-5CFF-4ADF-84EC-EF006C6E4688}.Release|Any CPU.ActiveCfg = Release|x64
		{E974DFC7-5CFF-4ADF-84EC-EF006C6E4688}.Release|Any CPU.Build.0 = Release|x64
		{E974DFC7-5CFF-4ADF-84EC-EF006C6E4688}.Release|x64.ActiveCfg = Release|x64
		{E974DFC7-5CFF-4ADF-84EC-EF006C6E4688}.Release|x64.Build.0 = Release|x64
		{E974DFC7-5CFF-4ADF-84EC-EF006C6E4688}.Release|x86.ActiveCfg = Release|Win32
		{E974DFC7-5CFF-4ADF-84EC-EF006C6E4688}.Release|x86.Build.0 = Release|Win32
		{AE0FBF19-918F-4FB5-A9F9-1CE76EA67A5C}.Debug|Any CPU.ActiveCfg = Debug|Any CPU
		{AE0FBF19-918F-4FB5-A9F9-1CE76EA67A5C}.Debug|Any CPU.Build.0 = Debug|Any CPU
		{AE0FBF19-918F-4FB5-A9F9-1CE76EA67A5C}.Debug|x64.ActiveCfg = Debug|Any CPU
		{AE0FBF19-918F-4FB5-A9F9-1CE76EA67A5C}.Debug|x64.Build.0 = Debug|Any CPU
		{AE0FBF19-918F-4FB5-A9F9-1CE76EA67A5C}.Debug|x86.ActiveCfg = Debug|Any CPU
		{AE0FBF19-918F-4FB5-A9F9-1CE76EA67A5C}.Debug|x86.Build.0 = Debug|Any CPU
		{AE0FBF19-918F-4FB5-A9F9-1CE76EA67A5C}.Release|Any CPU.ActiveCfg = Release|Any CPU
		{AE0FBF19-918F-4FB5-A9F9-1CE76EA67A5C}.Release|Any CPU.Build.0 = Release|Any CPU
		{AE0FBF19-918F-4FB5-A9F9-1CE76EA67A5C}.Release|x64.ActiveCfg = Release|Any CPU
		{AE0FBF19-918F-4FB5-A9F9-1CE76EA67A5C}.Release|x64.Build.0 = Release|Any CPU
		{AE0FBF19-918F-4FB5-A9F9-1CE76EA67A5C}.Release|x86.ActiveCfg = Release|Any CPU
		{AE0FBF19-918F-4FB5-A9F9-1CE76EA67A5C}.Release|x86.Build.0 = Release|Any CPU
	EndGlobalSection
	GlobalSection(SolutionProperties) = preSolution
		HideSolutionNode = FALSE
	EndGlobalSection
	GlobalSection(ExtensibilityGlobals) = postSolution
		SolutionGuid = {6C0B25F4-2169-41D2-91FC-AFA03B095DC6}
	EndGlobalSection
EndGlobal
